
Microsoft Visual Studio Solution File, Format Version 12.00
# Visual Studio Version 17
VisualStudioVersion = 17.1.32210.238
MinimumVisualStudioVersion = 10.0.40219.1
Project("{9A19103F-16F7-4668-BE54-9A1E7A4F7556}") = "HeaderCleaner", "HeaderCleaner\HeaderCleaner.csproj", "{E39F838C-7F94-4F9E-A9E9-C485D49CC80C}"
EndProject
Project("{9A19103F-16F7-4668-BE54-9A1E7A4F7556}") = "UE4ProjectGeneratorAutomator", "UE4ProjectGeneratorAutomator\UE4ProjectGeneratorAutomator.csproj", "{C4F0E0E3-7DA2-4AE7-BEF5-068B6DC494A1}"
EndProject
Global
	GlobalSection(SolutionConfigurationPlatforms) = preSolution
		Debug|Any CPU = Debug|Any CPU
		Release|Any CPU = Release|Any CPU
	EndGlobalSection
	GlobalSection(ProjectConfigurationPlatforms) = postSolution
		{E39F838C-7F94-4F9E-A9E9-C485D49CC80C}.Debug|Any CPU.ActiveCfg = Debug|Any CPU
		{E39F838C-7F94-4F9E-A9E9-C485D49CC80C}.Debug|Any CPU.Build.0 = Debug|Any CPU
		{E39F838C-7F94-4F9E-A9E9-C485D49CC80C}.Release|Any CPU.ActiveCfg = Release|Any CPU
		{E39F838C-7F94-4F9E-A9E9-C485D49CC80C}.Release|Any CPU.Build.0 = Release|Any CPU
		{C4F0E0E3-7DA2-4AE7-BEF5-068B6DC494A1}.Debug|Any CPU.ActiveCfg = Debug|Any CPU
		{C4F0E0E3-7DA2-4AE7-BEF5-068B6DC494A1}.Debug|Any CPU.Build.0 = Debug|Any CPU
		{C4F0E0E3-7DA2-4AE7-BEF5-068B6DC494A1}.Release|Any CPU.ActiveCfg = Release|Any CPU
		{C4F0E0E3-7DA2-4AE7-BEF5-068B6DC494A1}.Release|Any CPU.Build.0 = Release|Any CPU
	EndGlobalSection
	GlobalSection(SolutionProperties) = preSolution
		HideSolutionNode = FALSE
	EndGlobalSection
	GlobalSection(ExtensibilityGlobals) = postSolution
		SolutionGuid = {48E0FBD3-313F-4CAA-903F-7CA9B78ABC99}
	EndGlobalSection
EndGlobal
