
Microsoft Visual Studio Solution File, Format Version 12.00
# Visual Studio Version 17
VisualStudioVersion = 17.1.32210.238
MinimumVisualStudioVersion = 10.0.40219.1
Project("{9A19103F-16F7-4668-BE54-9A1E7A4F7556}") = "UE4ProjectGeneratorAutomator", "UPGAutomator\UE4ProjectGeneratorAutomator.csproj", "{DE752B7C-3784-4B55-8F38-25CBD6C5DF24}"
EndProject
Global
	GlobalSection(SolutionConfigurationPlatforms) = preSolution
		Debug|Any CPU = Debug|Any CPU
		Release|Any CPU = Release|Any CPU
	EndGlobalSection
	GlobalSection(ProjectConfigurationPlatforms) = postSolution
		{DE752B7C-3784-4B55-8F38-25CBD6C5DF24}.Debug|Any CPU.ActiveCfg = Debug|Any CPU
		{DE752B7C-3784-4B55-8F38-25CBD6C5DF24}.Debug|Any CPU.Build.0 = Debug|Any CPU
		{DE752B7C-3784-4B55-8F38-25CBD6C5DF24}.Release|Any CPU.ActiveCfg = Release|Any CPU
		{DE752B7C-3784-4B55-8F38-25CBD6C5DF24}.Release|Any CPU.Build.0 = Release|Any CPU
	EndGlobalSection
	GlobalSection(SolutionProperties) = preSolution
		HideSolutionNode = FALSE
	EndGlobalSection
	GlobalSection(ExtensibilityGlobals) = postSolution
		SolutionGuid = {48E0FBD3-313F-4CAA-903F-7CA9B78ABC99}
	EndGlobalSection
EndGlobal
